
Microsoft Visual Studio Solution File, Format Version 12.00
Project("{FAE04EC0-301F-11D3-BF4B-00C04F79EFBC}") = "Asm2.eBookStore.EntityModel", "Asm2.eBookStore.EntityModel\Asm2.eBookStore.EntityModel.csproj", "{6646A2A0-9A5B-4858-BA47-C71946F3DF0B}"
EndProject
Project("{FAE04EC0-301F-11D3-BF4B-00C04F79EFBC}") = "Asm2.eBookStore.Repository", "Asm2.eBookStore.Repository\Asm2.eBookStore.Repository.csproj", "{C4791002-4A47-419C-AC12-97E4CC74FBD4}"
EndProject
Project("{FAE04EC0-301F-11D3-BF4B-00C04F79EFBC}") = "Asm2.eBookStore.Service", "Asm2.eBookStore.Service\Asm2.eBookStore.Service.csproj", "{B78168B9-12D2-41AD-8018-307B2799734F}"
EndProject
Project("{FAE04EC0-301F-11D3-BF4B-00C04F79EFBC}") = "Asm2.eBookStore.Api", "Asm2.eBookStore.Api\Asm2.eBookStore.Api.csproj", "{95E79DAA-38E9-4DF7-A2FE-87D35D8010C7}"
EndProject
Project("{FAE04EC0-301F-11D3-BF4B-00C04F79EFBC}") = "Asm2.eBookStore.Client", "Asm2.eBookStore.Client\Asm2.eBookStore.Client.csproj", "{B5E4720C-717D-40F5-9101-ACEE48796B85}"
EndProject
Global
	GlobalSection(SolutionConfigurationPlatforms) = preSolution
		Debug|Any CPU = Debug|Any CPU
		Release|Any CPU = Release|Any CPU
	EndGlobalSection
	GlobalSection(ProjectConfigurationPlatforms) = postSolution
		{6646A2A0-9A5B-4858-BA47-C71946F3DF0B}.Debug|Any CPU.ActiveCfg = Debug|Any CPU
		{6646A2A0-9A5B-4858-BA47-C71946F3DF0B}.Debug|Any CPU.Build.0 = Debug|Any CPU
		{6646A2A0-9A5B-4858-BA47-C71946F3DF0B}.Release|Any CPU.ActiveCfg = Release|Any CPU
		{6646A2A0-9A5B-4858-BA47-C71946F3DF0B}.Release|Any CPU.Build.0 = Release|Any CPU
		{C4791002-4A47-419C-AC12-97E4CC74FBD4}.Debug|Any CPU.ActiveCfg = Debug|Any CPU
		{C4791002-4A47-419C-AC12-97E4CC74FBD4}.Debug|Any CPU.Build.0 = Debug|Any CPU
		{C4791002-4A47-419C-AC12-97E4CC74FBD4}.Release|Any CPU.ActiveCfg = Release|Any CPU
		{C4791002-4A47-419C-AC12-97E4CC74FBD4}.Release|Any CPU.Build.0 = Release|Any CPU
		{B78168B9-12D2-41AD-8018-307B2799734F}.Debug|Any CPU.ActiveCfg = Debug|Any CPU
		{B78168B9-12D2-41AD-8018-307B2799734F}.Debug|Any CPU.Build.0 = Debug|Any CPU
		{B78168B9-12D2-41AD-8018-307B2799734F}.Release|Any CPU.ActiveCfg = Release|Any CPU
		{B78168B9-12D2-41AD-8018-307B2799734F}.Release|Any CPU.Build.0 = Release|Any CPU
		{95E79DAA-38E9-4DF7-A2FE-87D35D8010C7}.Debug|Any CPU.ActiveCfg = Debug|Any CPU
		{95E79DAA-38E9-4DF7-A2FE-87D35D8010C7}.Debug|Any CPU.Build.0 = Debug|Any CPU
		{95E79DAA-38E9-4DF7-A2FE-87D35D8010C7}.Release|Any CPU.ActiveCfg = Release|Any CPU
		{95E79DAA-38E9-4DF7-A2FE-87D35D8010C7}.Release|Any CPU.Build.0 = Release|Any CPU
		{B5E4720C-717D-40F5-9101-ACEE48796B85}.Debug|Any CPU.ActiveCfg = Debug|Any CPU
		{B5E4720C-717D-40F5-9101-ACEE48796B85}.Debug|Any CPU.Build.0 = Debug|Any CPU
		{B5E4720C-717D-40F5-9101-ACEE48796B85}.Release|Any CPU.ActiveCfg = Release|Any CPU
		{B5E4720C-717D-40F5-9101-ACEE48796B85}.Release|Any CPU.Build.0 = Release|Any CPU
	EndGlobalSection
EndGlobal
